
Microsoft Visual Studio Solution File, Format Version 12.00
# Visual Studio 15
Project("{FAE04EC0-301F-11D3-BF4B-00C04F79EFBC}") = "Assembly-CSharp", "Assembly-CSharp.csproj", "{F40D17B9-F906-4602-1F9B-CEAF29675EBC}"
EndProject
Global
	GlobalSection(SolutionConfigurationPlatforms) = preSolution
		Debug|Any CPU = Debug|Any CPU
		Release|Any CPU = Release|Any CPU
	EndGlobalSection
	GlobalSection(ProjectConfigurationPlatforms) = postSolution
		{F40D17B9-F906-4602-1F9B-CEAF29675EBC}.Debug|Any CPU.ActiveCfg = Debug|Any CPU
		{F40D17B9-F906-4602-1F9B-CEAF29675EBC}.Debug|Any CPU.Build.0 = Debug|Any CPU
		{F40D17B9-F906-4602-1F9B-CEAF29675EBC}.Release|Any CPU.ActiveCfg = Release|Any CPU
		{F40D17B9-F906-4602-1F9B-CEAF29675EBC}.Release|Any CPU.Build.0 = Release|Any CPU
	EndGlobalSection
	GlobalSection(SolutionProperties) = preSolution
		HideSolutionNode = FALSE
	EndGlobalSection
EndGlobal
